
Microsoft Visual Studio Solution File, Format Version 12.00
# Visual Studio Version 16
VisualStudioVersion = 16.0.29613.14
MinimumVisualStudioVersion = 10.0.40219.1
Project("{FAE04EC0-301F-11D3-BF4B-00C04F79EFBC}") = "SessionApplication", "SessionApplication\SessionApplication.csproj", "{5A4C368C-DB00-4813-8E65-96B116D8ABDA}"
EndProject
Global
	GlobalSection(SolutionConfigurationPlatforms) = preSolution
		Debug|Any CPU = Debug|Any CPU
		Release|Any CPU = Release|Any CPU
	EndGlobalSection
	GlobalSection(ProjectConfigurationPlatforms) = postSolution
		{5A4C368C-DB00-4813-8E65-96B116D8ABDA}.Debug|Any CPU.ActiveCfg = Debug|Any CPU
		{5A4C368C-DB00-4813-8E65-96B116D8ABDA}.Debug|Any CPU.Build.0 = Debug|Any CPU
		{5A4C368C-DB00-4813-8E65-96B116D8ABDA}.Release|Any CPU.ActiveCfg = Release|Any CPU
		{5A4C368C-DB00-4813-8E65-96B116D8ABDA}.Release|Any CPU.Build.0 = Release|Any CPU
	EndGlobalSection
	GlobalSection(SolutionProperties) = preSolution
		HideSolutionNode = FALSE
	EndGlobalSection
	GlobalSection(ExtensibilityGlobals) = postSolution
		SolutionGuid = {05E46D3D-417F-4912-82EA-3F64A6BC7CC7}
	EndGlobalSection
EndGlobal
